
Microsoft Visual Studio Solution File, Format Version 12.00
# Visual Studio Version 17
VisualStudioVersion = 17.9.34607.119
MinimumVisualStudioVersion = 10.0.40219.1
Project("{9A19103F-16F7-4668-BE54-9A1E7A4F7556}") = "BlazorIntro2", "BlazorIntro2\BlazorIntro2.csproj", "{60936A9B-DC07-4C59-90CE-3F88E73ED744}"
EndProject
Global
	GlobalSection(SolutionConfigurationPlatforms) = preSolution
		Debug|Any CPU = Debug|Any CPU
		Release|Any CPU = Release|Any CPU
	EndGlobalSection
	GlobalSection(ProjectConfigurationPlatforms) = postSolution
		{60936A9B-DC07-4C59-90CE-3F88E73ED744}.Debug|Any CPU.ActiveCfg = Debug|Any CPU
		{60936A9B-DC07-4C59-90CE-3F88E73ED744}.Debug|Any CPU.Build.0 = Debug|Any CPU
		{60936A9B-DC07-4C59-90CE-3F88E73ED744}.Release|Any CPU.ActiveCfg = Release|Any CPU
		{60936A9B-DC07-4C59-90CE-3F88E73ED744}.Release|Any CPU.Build.0 = Release|Any CPU
	EndGlobalSection
	GlobalSection(SolutionProperties) = preSolution
		HideSolutionNode = FALSE
	EndGlobalSection
	GlobalSection(ExtensibilityGlobals) = postSolution
		SolutionGuid = {BCB9376D-604A-46D6-98E5-7DF6F64F19D4}
	EndGlobalSection
EndGlobal
